
Microsoft Visual Studio Solution File, Format Version 12.00
# Visual Studio 14
VisualStudioVersion = 14.0.24720.0
MinimumVisualStudioVersion = 10.0.40219.1
Project("{FAE04EC0-301F-11D3-BF4B-00C04F79EFBC}") = "MyLastGift", "MyLastGift\MyLastGift.csproj", "{0A546A92-BEA0-4664-B52E-B938BD6A85F3}"
EndProject
Project("{FAE04EC0-301F-11D3-BF4B-00C04F79EFBC}") = "BUS", "BUS\BUS.csproj", "{8B384B98-805D-4A0D-9CBB-0AC84F08E45D}"
EndProject
Project("{FAE04EC0-301F-11D3-BF4B-00C04F79EFBC}") = "DAO", "DAO\DAO.csproj", "{B3D137CE-963E-4705-83F6-DE6DDC9D2D88}"
EndProject
Project("{FAE04EC0-301F-11D3-BF4B-00C04F79EFBC}") = "DTO", "DTO\DTO\DTO.csproj", "{2351C7C6-E51D-4349-AAE5-64D0FED79A69}"
EndProject
Global
	GlobalSection(SolutionConfigurationPlatforms) = preSolution
		Debug|Any CPU = Debug|Any CPU
		Release|Any CPU = Release|Any CPU
	EndGlobalSection
	GlobalSection(ProjectConfigurationPlatforms) = postSolution
		{0A546A92-BEA0-4664-B52E-B938BD6A85F3}.Debug|Any CPU.ActiveCfg = Debug|Any CPU
		{0A546A92-BEA0-4664-B52E-B938BD6A85F3}.Debug|Any CPU.Build.0 = Debug|Any CPU
		{0A546A92-BEA0-4664-B52E-B938BD6A85F3}.Release|Any CPU.ActiveCfg = Release|Any CPU
		{0A546A92-BEA0-4664-B52E-B938BD6A85F3}.Release|Any CPU.Build.0 = Release|Any CPU
		{8B384B98-805D-4A0D-9CBB-0AC84F08E45D}.Debug|Any CPU.ActiveCfg = Debug|Any CPU
		{8B384B98-805D-4A0D-9CBB-0AC84F08E45D}.Debug|Any CPU.Build.0 = Debug|Any CPU
		{8B384B98-805D-4A0D-9CBB-0AC84F08E45D}.Release|Any CPU.ActiveCfg = Release|Any CPU
		{8B384B98-805D-4A0D-9CBB-0AC84F08E45D}.Release|Any CPU.Build.0 = Release|Any CPU
		{B3D137CE-963E-4705-83F6-DE6DDC9D2D88}.Debug|Any CPU.ActiveCfg = Debug|Any CPU
		{B3D137CE-963E-4705-83F6-DE6DDC9D2D88}.Debug|Any CPU.Build.0 = Debug|Any CPU
		{B3D137CE-963E-4705-83F6-DE6DDC9D2D88}.Release|Any CPU.ActiveCfg = Release|Any CPU
		{B3D137CE-963E-4705-83F6-DE6DDC9D2D88}.Release|Any CPU.Build.0 = Release|Any CPU
		{2351C7C6-E51D-4349-AAE5-64D0FED79A69}.Debug|Any CPU.ActiveCfg = Debug|Any CPU
		{2351C7C6-E51D-4349-AAE5-64D0FED79A69}.Debug|Any CPU.Build.0 = Debug|Any CPU
		{2351C7C6-E51D-4349-AAE5-64D0FED79A69}.Release|Any CPU.ActiveCfg = Release|Any CPU
		{2351C7C6-E51D-4349-AAE5-64D0FED79A69}.Release|Any CPU.Build.0 = Release|Any CPU
	EndGlobalSection
	GlobalSection(SolutionProperties) = preSolution
		HideSolutionNode = FALSE
	EndGlobalSection
EndGlobal
